
Microsoft Visual Studio Solution File, Format Version 12.00
# Visual Studio Version 17
VisualStudioVersion = 17.5.33530.505
MinimumVisualStudioVersion = 10.0.40219.1
Project("{9A19103F-16F7-4668-BE54-9A1E7A4F7556}") = "PersonCrud_Web", "PersonCrud_Web.csproj", "{FAB49ECD-5F07-4A35-B266-AD280F5B4915}"
	ProjectSection(ProjectDependencies) = postProject
		{6451E302-CDDE-4854-AB13-A2A3BC2E8F85} = {6451E302-CDDE-4854-AB13-A2A3BC2E8F85}
	EndProjectSection
EndProject
Project("{FAE04EC0-301F-11D3-BF4B-00C04F79EFBC}") = "PersonCrud_Data", "..\Logic\PersonCrud_Data.csproj", "{2AAAB1FD-8B8E-4A93-B8C7-5894D5B9BDDD}"
	ProjectSection(ProjectDependencies) = postProject
		{6451E302-CDDE-4854-AB13-A2A3BC2E8F85} = {6451E302-CDDE-4854-AB13-A2A3BC2E8F85}
	EndProjectSection
EndProject
Project("{FAE04EC0-301F-11D3-BF4B-00C04F79EFBC}") = "PersonCrud_Model", "..\Models\PersonCrud_Model.csproj", "{6451E302-CDDE-4854-AB13-A2A3BC2E8F85}"
EndProject
Global
	GlobalSection(SolutionConfigurationPlatforms) = preSolution
		Debug|Any CPU = Debug|Any CPU
		Release|Any CPU = Release|Any CPU
	EndGlobalSection
	GlobalSection(ProjectConfigurationPlatforms) = postSolution
		{FAB49ECD-5F07-4A35-B266-AD280F5B4915}.Debug|Any CPU.ActiveCfg = Debug|Any CPU
		{FAB49ECD-5F07-4A35-B266-AD280F5B4915}.Debug|Any CPU.Build.0 = Debug|Any CPU
		{FAB49ECD-5F07-4A35-B266-AD280F5B4915}.Release|Any CPU.ActiveCfg = Release|Any CPU
		{FAB49ECD-5F07-4A35-B266-AD280F5B4915}.Release|Any CPU.Build.0 = Release|Any CPU
		{2AAAB1FD-8B8E-4A93-B8C7-5894D5B9BDDD}.Debug|Any CPU.ActiveCfg = Debug|Any CPU
		{2AAAB1FD-8B8E-4A93-B8C7-5894D5B9BDDD}.Debug|Any CPU.Build.0 = Debug|Any CPU
		{2AAAB1FD-8B8E-4A93-B8C7-5894D5B9BDDD}.Release|Any CPU.ActiveCfg = Release|Any CPU
		{2AAAB1FD-8B8E-4A93-B8C7-5894D5B9BDDD}.Release|Any CPU.Build.0 = Release|Any CPU
		{6451E302-CDDE-4854-AB13-A2A3BC2E8F85}.Debug|Any CPU.ActiveCfg = Debug|Any CPU
		{6451E302-CDDE-4854-AB13-A2A3BC2E8F85}.Debug|Any CPU.Build.0 = Debug|Any CPU
		{6451E302-CDDE-4854-AB13-A2A3BC2E8F85}.Release|Any CPU.ActiveCfg = Release|Any CPU
		{6451E302-CDDE-4854-AB13-A2A3BC2E8F85}.Release|Any CPU.Build.0 = Release|Any CPU
	EndGlobalSection
	GlobalSection(SolutionProperties) = preSolution
		HideSolutionNode = FALSE
	EndGlobalSection
	GlobalSection(ExtensibilityGlobals) = postSolution
		SolutionGuid = {FF8B993D-0AE9-47D1-A510-64808751BC38}
	EndGlobalSection
EndGlobal
